
Microsoft Visual Studio Solution File, Format Version 12.00
# Visual Studio Version 16
VisualStudioVersion = 16.0.30204.135
MinimumVisualStudioVersion = 10.0.40219.1
Project("{FAE04EC0-301F-11D3-BF4B-00C04F79EFBC}") = "RSoftware.Unity.PublisherApi.Client", "RSoftware.Unity.PublisherApi.Client\RSoftware.Unity.PublisherApi.Client.csproj", "{0576B445-D3BA-4394-92B3-F8B92C783398}"
EndProject
Project("{FAE04EC0-301F-11D3-BF4B-00C04F79EFBC}") = "RSoftware.Unity.PublisherApi.Client.ConsoleTestApp", "RSoftware.Unity.PublisherApi.Client.ConsoleTestApp\RSoftware.Unity.PublisherApi.Client.ConsoleTestApp.csproj", "{B6EE0F98-BF1A-4BB0-B3A0-88D6E982BB02}"
EndProject
Global
	GlobalSection(SolutionConfigurationPlatforms) = preSolution
		Debug|Any CPU = Debug|Any CPU
		Release|Any CPU = Release|Any CPU
	EndGlobalSection
	GlobalSection(ProjectConfigurationPlatforms) = postSolution
		{0576B445-D3BA-4394-92B3-F8B92C783398}.Debug|Any CPU.ActiveCfg = Debug|Any CPU
		{0576B445-D3BA-4394-92B3-F8B92C783398}.Debug|Any CPU.Build.0 = Debug|Any CPU
		{0576B445-D3BA-4394-92B3-F8B92C783398}.Release|Any CPU.ActiveCfg = Release|Any CPU
		{0576B445-D3BA-4394-92B3-F8B92C783398}.Release|Any CPU.Build.0 = Release|Any CPU
		{B6EE0F98-BF1A-4BB0-B3A0-88D6E982BB02}.Debug|Any CPU.ActiveCfg = Debug|Any CPU
		{B6EE0F98-BF1A-4BB0-B3A0-88D6E982BB02}.Debug|Any CPU.Build.0 = Debug|Any CPU
		{B6EE0F98-BF1A-4BB0-B3A0-88D6E982BB02}.Release|Any CPU.ActiveCfg = Release|Any CPU
		{B6EE0F98-BF1A-4BB0-B3A0-88D6E982BB02}.Release|Any CPU.Build.0 = Release|Any CPU
	EndGlobalSection
	GlobalSection(SolutionProperties) = preSolution
		HideSolutionNode = FALSE
	EndGlobalSection
	GlobalSection(ExtensibilityGlobals) = postSolution
		SolutionGuid = {8A3C1CF1-E38B-47B3-BCBA-70649D7041DF}
	EndGlobalSection
EndGlobal
